// !$*UTF8*$!
{
	archiveVersion = 1;
	classes = {
	};
	objectVersion = 50;
	objects = {

/* Begin PBXBuildFile section */
		983ED04822E6411B00B1B296 /* GroceryListManager.swift in Sources */ = {isa = PBXBuildFile; fileRef = 983ED04722E6411B00B1B296 /* GroceryListManager.swift */; };
		983ED04A22E6417700B1B296 /* DatabaseHelper.swift in Sources */ = {isa = PBXBuildFile; fileRef = 983ED04922E6417700B1B296 /* DatabaseHelper.swift */; };
		983ED06422E641B200B1B296 /* SQLite.framework in Frameworks */ = {isa = PBXBuildFile; fileRef = 983ED05622E641A800B1B296 /* SQLite.framework */; };
		9878978022C108A000741962 /* AppDelegate.swift in Sources */ = {isa = PBXBuildFile; fileRef = 9878977F22C108A000741962 /* AppDelegate.swift */; };
		9878978222C108A000741962 /* ListViewController.swift in Sources */ = {isa = PBXBuildFile; fileRef = 9878978122C108A000741962 /* ListViewController.swift */; };
		9878978522C108A000741962 /* Main.storyboard in Resources */ = {isa = PBXBuildFile; fileRef = 9878978322C108A000741962 /* Main.storyboard */; };
		9878978722C108A200741962 /* Assets.xcassets in Resources */ = {isa = PBXBuildFile; fileRef = 9878978622C108A200741962 /* Assets.xcassets */; };
		9878978A22C108A200741962 /* LaunchScreen.storyboard in Resources */ = {isa = PBXBuildFile; fileRef = 9878978822C108A200741962 /* LaunchScreen.storyboard */; };
		9878979222C10BDE00741962 /* GroceryItem.swift in Sources */ = {isa = PBXBuildFile; fileRef = 9878979122C10BDE00741962 /* GroceryItem.swift */; };
		9878979422C110CB00741962 /* GroceryItemCell.swift in Sources */ = {isa = PBXBuildFile; fileRef = 9878979322C110CB00741962 /* GroceryItemCell.swift */; };
		98A2AE0022CBC54900422B52 /* DetailViewController.swift in Sources */ = {isa = PBXBuildFile; fileRef = 98A2ADFF22CBC54900422B52 /* DetailViewController.swift */; };
		98A2AE0222CBD0A200422B52 /* EditViewController.swift in Sources */ = {isa = PBXBuildFile; fileRef = 98A2AE0122CBD0A200422B52 /* EditViewController.swift */; };
/* End PBXBuildFile section */

/* Begin PBXContainerItemProxy section */
		983ED05522E641A800B1B296 /* PBXContainerItemProxy */ = {
			isa = PBXContainerItemProxy;
			containerPortal = 983ED04B22E641A800B1B296 /* SQLite.xcodeproj */;
			proxyType = 2;
			remoteGlobalIDString = EE247AD31C3F04ED00AE3E12;
			remoteInfo = "SQLite iOS";
		};
		983ED05722E641A800B1B296 /* PBXContainerItemProxy */ = {
			isa = PBXContainerItemProxy;
			containerPortal = 983ED04B22E641A800B1B296 /* SQLite.xcodeproj */;
			proxyType = 2;
			remoteGlobalIDString = EE247ADD1C3F04ED00AE3E12;
			remoteInfo = "SQLiteTests iOS";
		};
		983ED05922E641A800B1B296 /* PBXContainerItemProxy */ = {
			isa = PBXContainerItemProxy;
			containerPortal = 983ED04B22E641A800B1B296 /* SQLite.xcodeproj */;
			proxyType = 2;
			remoteGlobalIDString = EE247B3C1C3F3ED000AE3E12;
			remoteInfo = "SQLite Mac";
		};
		983ED05B22E641A800B1B296 /* PBXContainerItemProxy */ = {
			isa = PBXContainerItemProxy;
			containerPortal = 983ED04B22E641A800B1B296 /* SQLite.xcodeproj */;
			proxyType = 2;
			remoteGlobalIDString = EE247B451C3F3ED000AE3E12;
			remoteInfo = "SQLiteTests Mac";
		};
		983ED05D22E641A800B1B296 /* PBXContainerItemProxy */ = {
			isa = PBXContainerItemProxy;
			containerPortal = 983ED04B22E641A800B1B296 /* SQLite.xcodeproj */;
			proxyType = 2;
			remoteGlobalIDString = 03A65E5A1C6BB0F50062603F;
			remoteInfo = "SQLite tvOS";
		};
		983ED05F22E641A800B1B296 /* PBXContainerItemProxy */ = {
			isa = PBXContainerItemProxy;
			containerPortal = 983ED04B22E641A800B1B296 /* SQLite.xcodeproj */;
			proxyType = 2;
			remoteGlobalIDString = 03A65E631C6BB0F60062603F;
			remoteInfo = "SQLiteTests tvOS";
		};
		983ED06122E641A800B1B296 /* PBXContainerItemProxy */ = {
			isa = PBXContainerItemProxy;
			containerPortal = 983ED04B22E641A800B1B296 /* SQLite.xcodeproj */;
			proxyType = 2;
			remoteGlobalIDString = A121AC451CA35C79005A31D1;
			remoteInfo = "SQLite watchOS";
		};
/* End PBXContainerItemProxy section */

/* Begin PBXFileReference section */
		983ED04722E6411B00B1B296 /* GroceryListManager.swift */ = {isa = PBXFileReference; lastKnownFileType = sourcecode.swift; path = GroceryListManager.swift; sourceTree = "<group>"; };
		983ED04922E6417700B1B296 /* DatabaseHelper.swift */ = {isa = PBXFileReference; lastKnownFileType = sourcecode.swift; path = DatabaseHelper.swift; sourceTree = "<group>"; };
		983ED04B22E641A800B1B296 /* SQLite.xcodeproj */ = {isa = PBXFileReference; lastKnownFileType = "wrapper.pb-project"; name = SQLite.xcodeproj; path = "../SQLite.swift-master/SQLite.xcodeproj"; sourceTree = "<group>"; };
		9878977C22C108A000741962 /* GroceryApp.app */ = {isa = PBXFileReference; explicitFileType = wrapper.application; includeInIndex = 0; path = GroceryApp.app; sourceTree = BUILT_PRODUCTS_DIR; };
		9878977F22C108A000741962 /* AppDelegate.swift */ = {isa = PBXFileReference; lastKnownFileType = sourcecode.swift; path = AppDelegate.swift; sourceTree = "<group>"; };
		9878978122C108A000741962 /* ListViewController.swift */ = {isa = PBXFileReference; lastKnownFileType = sourcecode.swift; path = ListViewController.swift; sourceTree = "<group>"; };
		9878978422C108A000741962 /* Base */ = {isa = PBXFileReference; lastKnownFileType = file.storyboard; name = Base; path = Base.lproj/Main.storyboard; sourceTree = "<group>"; };
		9878978622C108A200741962 /* Assets.xcassets */ = {isa = PBXFileReference; lastKnownFileType = folder.assetcatalog; path = Assets.xcassets; sourceTree = "<group>"; };
		9878978922C108A200741962 /* Base */ = {isa = PBXFileReference; lastKnownFileType = file.storyboard; name = Base; path = Base.lproj/LaunchScreen.storyboard; sourceTree = "<group>"; };
		9878978B22C108A200741962 /* Info.plist */ = {isa = PBXFileReference; lastKnownFileType = text.plist.xml; path = Info.plist; sourceTree = "<group>"; };
		9878979122C10BDE00741962 /* GroceryItem.swift */ = {isa = PBXFileReference; lastKnownFileType = sourcecode.swift; path = GroceryItem.swift; sourceTree = "<group>"; };
		9878979322C110CB00741962 /* GroceryItemCell.swift */ = {isa = PBXFileReference; lastKnownFileType = sourcecode.swift; path = GroceryItemCell.swift; sourceTree = "<group>"; };
		98A2ADFF22CBC54900422B52 /* DetailViewController.swift */ = {isa = PBXFileReference; lastKnownFileType = sourcecode.swift; path = DetailViewController.swift; sourceTree = "<group>"; };
		98A2AE0122CBD0A200422B52 /* EditViewController.swift */ = {isa = PBXFileReference; lastKnownFileType = sourcecode.swift; path = EditViewController.swift; sourceTree = "<group>"; };
/* End PBXFileReference section */

/* Begin PBXFrameworksBuildPhase section */
		9878977922C108A000741962 /* Frameworks */ = {
			isa = PBXFrameworksBuildPhase;
			buildActionMask = 2147483647;
			files = (
				983ED06422E641B200B1B296 /* SQLite.framework in Frameworks */,
			);
			runOnlyForDeploymentPostprocessing = 0;
		};
/* End PBXFrameworksBuildPhase section */

/* Begin PBXGroup section */
		983ED04C22E641A800B1B296 /* Products */ = {
			isa = PBXGroup;
			children = (
				983ED05622E641A800B1B296 /* SQLite.framework */,
				983ED05822E641A800B1B296 /* SQLiteTests iOS.xctest */,
				983ED05A22E641A800B1B296 /* SQLite.framework */,
				983ED05C22E641A800B1B296 /* SQLiteTests Mac.xctest */,
				983ED05E22E641A800B1B296 /* SQLite.framework */,
				983ED06022E641A800B1B296 /* SQLiteTests tvOS.xctest */,
				983ED06222E641A800B1B296 /* SQLite.framework */,
			);
			name = Products;
			sourceTree = "<group>";
		};
		983ED06322E641B200B1B296 /* Frameworks */ = {
			isa = PBXGroup;
			children = (
			);
			name = Frameworks;
			sourceTree = "<group>";
		};
		9878977322C108A000741962 = {
			isa = PBXGroup;
			children = (
				9878977E22C108A000741962 /* GroceryApp */,
				9878977D22C108A000741962 /* Products */,
				983ED04B22E641A800B1B296 /* SQLite.xcodeproj */,
				983ED06322E641B200B1B296 /* Frameworks */,
			);
			sourceTree = "<group>";
		};
		9878977D22C108A000741962 /* Products */ = {
			isa = PBXGroup;
			children = (
				9878977C22C108A000741962 /* GroceryApp.app */,
			);
			name = Products;
			sourceTree = "<group>";
		};
		9878977E22C108A000741962 /* GroceryApp */ = {
			isa = PBXGroup;
			children = (
				9878977F22C108A000741962 /* AppDelegate.swift */,
				9878978122C108A000741962 /* ListViewController.swift */,
				9878978322C108A000741962 /* Main.storyboard */,
				9878978622C108A200741962 /* Assets.xcassets */,
				9878978822C108A200741962 /* LaunchScreen.storyboard */,
				9878978B22C108A200741962 /* Info.plist */,
				9878979122C10BDE00741962 /* GroceryItem.swift */,
				9878979322C110CB00741962 /* GroceryItemCell.swift */,
				98A2ADFF22CBC54900422B52 /* DetailViewController.swift */,
				98A2AE0122CBD0A200422B52 /* EditViewController.swift */,
				983ED04722E6411B00B1B296 /* GroceryListManager.swift */,
				983ED04922E6417700B1B296 /* DatabaseHelper.swift */,
			);
			path = GroceryApp;
			sourceTree = "<group>";
		};
/* End PBXGroup section */

/* Begin PBXNativeTarget section */
		9878977B22C108A000741962 /* GroceryApp */ = {
			isa = PBXNativeTarget;
			buildConfigurationList = 9878978E22C108A200741962 /* Build configuration list for PBXNativeTarget "GroceryApp" */;
			buildPhases = (
				9878977822C108A000741962 /* Sources */,
				9878977922C108A000741962 /* Frameworks */,
				9878977A22C108A000741962 /* Resources */,
			);
			buildRules = (
			);
			dependencies = (
			);
			name = GroceryApp;
			productName = GroceryApp;
			productReference = 9878977C22C108A000741962 /* GroceryApp.app */;
			productType = "com.apple.product-type.application";
		};
/* End PBXNativeTarget section */

/* Begin PBXProject section */
		9878977422C108A000741962 /* Project object */ = {
			isa = PBXProject;
			attributes = {
				LastSwiftUpdateCheck = 1020;
				LastUpgradeCheck = 1020;
				ORGANIZATIONNAME = "Gokul Viswanathan";
				TargetAttributes = {
					9878977B22C108A000741962 = {
						CreatedOnToolsVersion = 10.2.1;
					};
				};
			};
			buildConfigurationList = 9878977722C108A000741962 /* Build configuration list for PBXProject "GroceryApp" */;
			compatibilityVersion = "Xcode 9.3";
			developmentRegion = en;
			hasScannedForEncodings = 0;
			knownRegions = (
				en,
				Base,
			);
			mainGroup = 9878977322C108A000741962;
			productRefGroup = 9878977D22C108A000741962 /* Products */;
			projectDirPath = "";
			projectReferences = (
				{
					ProductGroup = 983ED04C22E641A800B1B296 /* Products */;
					ProjectRef = 983ED04B22E641A800B1B296 /* SQLite.xcodeproj */;
				},
			);
			projectRoot = "";
			targets = (
				9878977B22C108A000741962 /* GroceryApp */,
			);
		};
/* End PBXProject section */

/* Begin PBXReferenceProxy section */
		983ED05622E641A800B1B296 /* SQLite.framework */ = {
			isa = PBXReferenceProxy;
			fileType = wrapper.framework;
			path = SQLite.framework;
			remoteRef = 983ED05522E641A800B1B296 /* PBXContainerItemProxy */;
			sourceTree = BUILT_PRODUCTS_DIR;
		};
		983ED05822E641A800B1B296 /* SQLiteTests iOS.xctest */ = {
			isa = PBXReferenceProxy;
			fileType = wrapper.cfbundle;
			path = "SQLiteTests iOS.xctest";
			remoteRef = 983ED05722E641A800B1B296 /* PBXContainerItemProxy */;
			sourceTree = BUILT_PRODUCTS_DIR;
		};
		983ED05A22E641A800B1B296 /* SQLite.framework */ = {
			isa = PBXReferenceProxy;
			fileType = wrapper.framework;
			path = SQLite.framework;
			remoteRef = 983ED05922E641A800B1B296 /* PBXContainerItemProxy */;
			sourceTree = BUILT_PRODUCTS_DIR;
		};
		983ED05C22E641A800B1B296 /* SQLiteTests Mac.xctest */ = {
			isa = PBXReferenceProxy;
			fileType = wrapper.cfbundle;
			path = "SQLiteTests Mac.xctest";
			remoteRef = 983ED05B22E641A800B1B296 /* PBXContainerItemProxy */;
			sourceTree = BUILT_PRODUCTS_DIR;
		};
		983ED05E22E641A800B1B296 /* SQLite.framework */ = {
			isa = PBXReferenceProxy;
			fileType = wrapper.framework;
			path = SQLite.framework;
			remoteRef = 983ED05D22E641A800B1B296 /* PBXContainerItemProxy */;
			sourceTree = BUILT_PRODUCTS_DIR;
		};
		983ED06022E641A800B1B296 /* SQLiteTests tvOS.xctest */ = {
			isa = PBXReferenceProxy;
			fileType = wrapper.cfbundle;
			path = "SQLiteTests tvOS.xctest";
			remoteRef = 983ED05F22E641A800B1B296 /* PBXContainerItemProxy */;
			sourceTree = BUILT_PRODUCTS_DIR;
		};
		983ED06222E641A800B1B296 /* SQLite.framework */ = {
			isa = PBXReferenceProxy;
			fileType = wrapper.framework;
			path = SQLite.framework;
			remoteRef = 983ED06122E641A800B1B296 /* PBXContainerItemProxy */;
			sourceTree = BUILT_PRODUCTS_DIR;
		};
/* End PBXReferenceProxy section */

/* Begin PBXResourcesBuildPhase section */
		9878977A22C108A000741962 /* Resources */ = {
			isa = PBXResourcesBuildPhase;
			buildActionMask = 2147483647;
			files = (
				9878978A22C108A200741962 /* LaunchScreen.storyboard in Resources */,
				9878978722C108A200741962 /* Assets.xcassets in Resources */,
				9878978522C108A000741962 /* Main.storyboard in Resources */,
			);
			runOnlyForDeploymentPostprocessing = 0;
		};
/* End PBXResourcesBuildPhase section */

/* Begin PBXSourcesBuildPhase section */
		9878977822C108A000741962 /* Sources */ = {
			isa = PBXSourcesBuildPhase;
			buildActionMask = 2147483647;
			files = (
				9878978222C108A000741962 /* ListViewController.swift in Sources */,
				9878979222C10BDE00741962 /* GroceryItem.swift in Sources */,
				98A2AE0022CBC54900422B52 /* DetailViewController.swift in Sources */,
				98A2AE0222CBD0A200422B52 /* EditViewController.swift in Sources */,
				983ED04A22E6417700B1B296 /* DatabaseHelper.swift in Sources */,
				9878979422C110CB00741962 /* GroceryItemCell.swift in Sources */,
				9878978022C108A000741962 /* AppDelegate.swift in Sources */,
				983ED04822E6411B00B1B296 /* GroceryListManager.swift in Sources */,
			);
			runOnlyForDeploymentPostprocessing = 0;
		};
/* End PBXSourcesBuildPhase section */

/* Begin PBXVariantGroup section */
		9878978322C108A000741962 /* Main.storyboard */ = {
			isa = PBXVariantGroup;
			children = (
				9878978422C108A000741962 /* Base */,
			);
			name = Main.storyboard;
			sourceTree = "<group>";
		};
		9878978822C108A200741962 /* LaunchScreen.storyboard */ = {
			isa = PBXVariantGroup;
			children = (
				9878978922C108A200741962 /* Base */,
			);
			name = LaunchScreen.storyboard;
			sourceTree = "<group>";
		};
/* End PBXVariantGroup section */

/* Begin XCBuildConfiguration section */
		9878978C22C108A200741962 /* Debug */ = {
			isa = XCBuildConfiguration;
			buildSettings = {
				ALWAYS_SEARCH_USER_PATHS = NO;
				CLANG_ANALYZER_NONNULL = YES;
				CLANG_ANALYZER_NUMBER_OBJECT_CONVERSION = YES_AGGRESSIVE;
				CLANG_CXX_LANGUAGE_STANDARD = "gnu++14";
				CLANG_CXX_LIBRARY = "libc++";
				CLANG_ENABLE_MODULES = YES;
				CLANG_ENABLE_OBJC_ARC = YES;
				CLANG_ENABLE_OBJC_WEAK = YES;
				CLANG_WARN_BLOCK_CAPTURE_AUTORELEASING = YES;
				CLANG_WARN_BOOL_CONVERSION = YES;
				CLANG_WARN_COMMA = YES;
				CLANG_WARN_CONSTANT_CONVERSION = YES;
				CLANG_WARN_DEPRECATED_OBJC_IMPLEMENTATIONS = YES;
				CLANG_WARN_DIRECT_OBJC_ISA_USAGE = YES_ERROR;
				CLANG_WARN_DOCUMENTATION_COMMENTS = YES;
				CLANG_WARN_EMPTY_BODY = YES;
				CLANG_WARN_ENUM_CONVERSION = YES;
				CLANG_WARN_INFINITE_RECURSION = YES;
				CLANG_WARN_INT_CONVERSION = YES;
				CLANG_WARN_NON_LITERAL_NULL_CONVERSION = YES;
				CLANG_WARN_OBJC_IMPLICIT_RETAIN_SELF = YES;
				CLANG_WARN_OBJC_LITERAL_CONVERSION = YES;
				CLANG_WARN_OBJC_ROOT_CLASS = YES_ERROR;
				CLANG_WARN_RANGE_LOOP_ANALYSIS = YES;
				CLANG_WARN_STRICT_PROTOTYPES = YES;
				CLANG_WARN_SUSPICIOUS_MOVE = YES;
				CLANG_WARN_UNGUARDED_AVAILABILITY = YES_AGGRESSIVE;
				CLANG_WARN_UNREACHABLE_CODE = YES;
				CLANG_WARN__DUPLICATE_METHOD_MATCH = YES;
				CODE_SIGN_IDENTITY = "iPhone Developer";
				COPY_PHASE_STRIP = NO;
				DEBUG_INFORMATION_FORMAT = dwarf;
				ENABLE_STRICT_OBJC_MSGSEND = YES;
				ENABLE_TESTABILITY = YES;
				GCC_C_LANGUAGE_STANDARD = gnu11;
				GCC_DYNAMIC_NO_PIC = NO;
				GCC_NO_COMMON_BLOCKS = YES;
				GCC_OPTIMIZATION_LEVEL = 0;
				GCC_PREPROCESSOR_DEFINITIONS = (
					"DEBUG=1",
					"$(inherited)",
				);
				GCC_WARN_64_TO_32_BIT_CONVERSION = YES;
				GCC_WARN_ABOUT_RETURN_TYPE = YES_ERROR;
				GCC_WARN_UNDECLARED_SELECTOR = YES;
				GCC_WARN_UNINITIALIZED_AUTOS = YES_AGGRESSIVE;
				GCC_WARN_UNUSED_FUNCTION = YES;
				GCC_WARN_UNUSED_VARIABLE = YES;
				IPHONEOS_DEPLOYMENT_TARGET = 12.2;
				MTL_ENABLE_DEBUG_INFO = INCLUDE_SOURCE;
				MTL_FAST_MATH = YES;
				ONLY_ACTIVE_ARCH = YES;
				SDKROOT = iphoneos;
				SWIFT_ACTIVE_COMPILATION_CONDITIONS = DEBUG;
				SWIFT_OPTIMIZATION_LEVEL = "-Onone";
			};
			name = Debug;
		};
		9878978D22C108A200741962 /* Release */ = {
			isa = XCBuildConfiguration;
			buildSettings = {
				ALWAYS_SEARCH_USER_PATHS = NO;
				CLANG_ANALYZER_NONNULL = YES;
				CLANG_ANALYZER_NUMBER_OBJECT_CONVERSION = YES_AGGRESSIVE;
				CLANG_CXX_LANGUAGE_STANDARD = "gnu++14";
				CLANG_CXX_LIBRARY = "libc++";
				CLANG_ENABLE_MODULES = YES;
				CLANG_ENABLE_OBJC_ARC = YES;
				CLANG_ENABLE_OBJC_WEAK = YES;
				CLANG_WARN_BLOCK_CAPTURE_AUTORELEASING = YES;
				CLANG_WARN_BOOL_CONVERSION = YES;
				CLANG_WARN_COMMA = YES;
				CLANG_WARN_CONSTANT_CONVERSION = YES;
				CLANG_WARN_DEPRECATED_OBJC_IMPLEMENTATIONS = YES;
				CLANG_WARN_DIRECT_OBJC_ISA_USAGE = YES_ERROR;
				CLANG_WARN_DOCUMENTATION_COMMENTS = YES;
				CLANG_WARN_EMPTY_BODY = YES;
				CLANG_WARN_ENUM_CONVERSION = YES;
				CLANG_WARN_INFINITE_RECURSION = YES;
				CLANG_WARN_INT_CONVERSION = YES;
				CLANG_WARN_NON_LITERAL_NULL_CONVERSION = YES;
				CLANG_WARN_OBJC_IMPLICIT_RETAIN_SELF = YES;
				CLANG_WARN_OBJC_LITERAL_CONVERSION = YES;
				CLANG_WARN_OBJC_ROOT_CLASS = YES_ERROR;
				CLANG_WARN_RANGE_LOOP_ANALYSIS = YES;
				CLANG_WARN_STRICT_PROTOTYPES = YES;
				CLANG_WARN_SUSPICIOUS_MOVE = YES;
				CLANG_WARN_UNGUARDED_AVAILABILITY = YES_AGGRESSIVE;
				CLANG_WARN_UNREACHABLE_CODE = YES;
				CLANG_WARN__DUPLICATE_METHOD_MATCH = YES;
				CODE_SIGN_IDENTITY = "iPhone Developer";
				COPY_PHASE_STRIP = NO;
				DEBUG_INFORMATION_FORMAT = "dwarf-with-dsym";
				ENABLE_NS_ASSERTIONS = NO;
				ENABLE_STRICT_OBJC_MSGSEND = YES;
				GCC_C_LANGUAGE_STANDARD = gnu11;
				GCC_NO_COMMON_BLOCKS = YES;
				GCC_WARN_64_TO_32_BIT_CONVERSION = YES;
				GCC_WARN_ABOUT_RETURN_TYPE = YES_ERROR;
				GCC_WARN_UNDECLARED_SELECTOR = YES;
				GCC_WARN_UNINITIALIZED_AUTOS = YES_AGGRESSIVE;
				GCC_WARN_UNUSED_FUNCTION = YES;
				GCC_WARN_UNUSED_VARIABLE = YES;
				IPHONEOS_DEPLOYMENT_TARGET = 12.2;
				MTL_ENABLE_DEBUG_INFO = NO;
				MTL_FAST_MATH = YES;
				SDKROOT = iphoneos;
				SWIFT_COMPILATION_MODE = wholemodule;
				SWIFT_OPTIMIZATION_LEVEL = "-O";
				VALIDATE_PRODUCT = YES;
			};
			name = Release;
		};
		9878978F22C108A200741962 /* Debug */ = {
			isa = XCBuildConfiguration;
			buildSettings = {
				ASSETCATALOG_COMPILER_APPICON_NAME = AppIcon;
				CODE_SIGN_STYLE = Automatic;
				INFOPLIST_FILE = GroceryApp/Info.plist;
				LD_RUNPATH_SEARCH_PATHS = (
					"$(inherited)",
					"@executable_path/Frameworks",
				);
				PRODUCT_BUNDLE_IDENTIFIER = edu.self.GroceryApp;
				PRODUCT_NAME = "$(TARGET_NAME)";
				SWIFT_VERSION = 5.0;
				TARGETED_DEVICE_FAMILY = "1,2";
			};
			name = Debug;
		};
		9878979022C108A200741962 /* Release */ = {
			isa = XCBuildConfiguration;
			buildSettings = {
				ASSETCATALOG_COMPILER_APPICON_NAME = AppIcon;
				CODE_SIGN_STYLE = Automatic;
				INFOPLIST_FILE = GroceryApp/Info.plist;
				LD_RUNPATH_SEARCH_PATHS = (
					"$(inherited)",
					"@executable_path/Frameworks",
				);
				PRODUCT_BUNDLE_IDENTIFIER = edu.self.GroceryApp;
				PRODUCT_NAME = "$(TARGET_NAME)";
				SWIFT_VERSION = 5.0;
				TARGETED_DEVICE_FAMILY = "1,2";
			};
			name = Release;
		};
/* End XCBuildConfiguration section */

/* Begin XCConfigurationList section */
		9878977722C108A000741962 /* Build configuration list for PBXProject "GroceryApp" */ = {
			isa = XCConfigurationList;
			buildConfigurations = (
				9878978C22C108A200741962 /* Debug */,
				9878978D22C108A200741962 /* Release */,
			);
			defaultConfigurationIsVisible = 0;
			defaultConfigurationName = Release;
		};
		9878978E22C108A200741962 /* Build configuration list for PBXNativeTarget "GroceryApp" */ = {
			isa = XCConfigurationList;
			buildConfigurations = (
				9878978F22C108A200741962 /* Debug */,
				9878979022C108A200741962 /* Release */,
			);
			defaultConfigurationIsVisible = 0;
			defaultConfigurationName = Release;
		};
/* End XCConfigurationList section */
	};
	rootObject = 9878977422C108A000741962 /* Project object */;
}
